
Microsoft Visual Studio Solution File, Format Version 12.00
# Visual Studio Version 17
VisualStudioVersion = 17.11.35327.3
MinimumVisualStudioVersion = 10.0.40219.1
Project("{FAE04EC0-301F-11D3-BF4B-00C04F79EFBC}") = "estrutura_para", "estrutura_para\estrutura_para.csproj", "{F89DD3C1-48D3-4655-9D3A-BB13E4AECFFB}"
EndProject
Global
	GlobalSection(SolutionConfigurationPlatforms) = preSolution
		Debug|Any CPU = Debug|Any CPU
		Release|Any CPU = Release|Any CPU
	EndGlobalSection
	GlobalSection(ProjectConfigurationPlatforms) = postSolution
		{F89DD3C1-48D3-4655-9D3A-BB13E4AECFFB}.Debug|Any CPU.ActiveCfg = Debug|Any CPU
		{F89DD3C1-48D3-4655-9D3A-BB13E4AECFFB}.Debug|Any CPU.Build.0 = Debug|Any CPU
		{F89DD3C1-48D3-4655-9D3A-BB13E4AECFFB}.Release|Any CPU.ActiveCfg = Release|Any CPU
		{F89DD3C1-48D3-4655-9D3A-BB13E4AECFFB}.Release|Any CPU.Build.0 = Release|Any CPU
	EndGlobalSection
	GlobalSection(SolutionProperties) = preSolution
		HideSolutionNode = FALSE
	EndGlobalSection
	GlobalSection(ExtensibilityGlobals) = postSolution
		SolutionGuid = {26FEA982-C001-4B8A-BEE9-7925CB26DF01}
	EndGlobalSection
EndGlobal
