
Microsoft Visual Studio Solution File, Format Version 12.00
# Visual Studio Version 17
VisualStudioVersion = 17.11.35327.3
MinimumVisualStudioVersion = 10.0.40219.1
Project("{FAE04EC0-301F-11D3-BF4B-00C04F79EFBC}") = "divisao_inteira", "divisao_inteira\divisao_inteira.csproj", "{8CD2B906-B9ED-4EFE-9909-BDFBD85908F0}"
EndProject
Global
	GlobalSection(SolutionConfigurationPlatforms) = preSolution
		Debug|Any CPU = Debug|Any CPU
		Release|Any CPU = Release|Any CPU
	EndGlobalSection
	GlobalSection(ProjectConfigurationPlatforms) = postSolution
		{8CD2B906-B9ED-4EFE-9909-BDFBD85908F0}.Debug|Any CPU.ActiveCfg = Debug|Any CPU
		{8CD2B906-B9ED-4EFE-9909-BDFBD85908F0}.Debug|Any CPU.Build.0 = Debug|Any CPU
		{8CD2B906-B9ED-4EFE-9909-BDFBD85908F0}.Release|Any CPU.ActiveCfg = Release|Any CPU
		{8CD2B906-B9ED-4EFE-9909-BDFBD85908F0}.Release|Any CPU.Build.0 = Release|Any CPU
	EndGlobalSection
	GlobalSection(SolutionProperties) = preSolution
		HideSolutionNode = FALSE
	EndGlobalSection
	GlobalSection(ExtensibilityGlobals) = postSolution
		SolutionGuid = {D134FC2C-C3EA-4BF0-90EC-27D7BCCFC104}
	EndGlobalSection
EndGlobal
