
Microsoft Visual Studio Solution File, Format Version 12.00
# Visual Studio Version 17
VisualStudioVersion = 17.11.35327.3
MinimumVisualStudioVersion = 10.0.40219.1
Project("{FAE04EC0-301F-11D3-BF4B-00C04F79EFBC}") = "testando_debbuger", "testando_debbuger\testando_debbuger.csproj", "{CB2BE521-CB1E-4CC3-9564-A21DBE2B5BCD}"
EndProject
Global
	GlobalSection(SolutionConfigurationPlatforms) = preSolution
		Debug|Any CPU = Debug|Any CPU
		Release|Any CPU = Release|Any CPU
	EndGlobalSection
	GlobalSection(ProjectConfigurationPlatforms) = postSolution
		{CB2BE521-CB1E-4CC3-9564-A21DBE2B5BCD}.Debug|Any CPU.ActiveCfg = Debug|Any CPU
		{CB2BE521-CB1E-4CC3-9564-A21DBE2B5BCD}.Debug|Any CPU.Build.0 = Debug|Any CPU
		{CB2BE521-CB1E-4CC3-9564-A21DBE2B5BCD}.Release|Any CPU.ActiveCfg = Release|Any CPU
		{CB2BE521-CB1E-4CC3-9564-A21DBE2B5BCD}.Release|Any CPU.Build.0 = Release|Any CPU
	EndGlobalSection
	GlobalSection(SolutionProperties) = preSolution
		HideSolutionNode = FALSE
	EndGlobalSection
	GlobalSection(ExtensibilityGlobals) = postSolution
		SolutionGuid = {64AE3D78-D752-4B49-9DB9-3307BC6DDC7B}
	EndGlobalSection
EndGlobal
